{
  "name": "test-my-npm-pckg",
  "lockfileVersion": 2,
  "requires": true,
  "packages": {
    "": {
      "dependencies": {
        "sample-packae": "^1.0.0"
      }
    },
    "node_modules/sample-packae": {
      "version": "1.0.0",
      "resolved": "https://registry.npmjs.org/sample-packae/-/sample-packae-1.0.0.tgz",
      "integrity": "sha512-804Tq+/nLK7fLglpV/ltflwdlkI83Mk2LV12+mO8af9f81oi6Y1uB+2yZD0MiTWiZOqdGa3AOwpS9g0Vf7dQDQ=="
    }
  },
  "dependencies": {
    "sample-packae": {
      "version": "1.0.0",
      "resolved": "https://registry.npmjs.org/sample-packae/-/sample-packae-1.0.0.tgz",
      "integrity": "sha512-804Tq+/nLK7fLglpV/ltflwdlkI83Mk2LV12+mO8af9f81oi6Y1uB+2yZD0MiTWiZOqdGa3AOwpS9g0Vf7dQDQ=="
    }
  }
}
